
Microsoft Visual Studio Solution File, Format Version 12.00
# Visual Studio Version 17
VisualStudioVersion = 17.9.34607.119
MinimumVisualStudioVersion = 10.0.40219.1
Project("{FAE04EC0-301F-11D3-BF4B-00C04F79EFBC}") = "BigProject", "BigProject.csproj", "{2F226FE7-8B11-4B6F-9084-89E223C5A1FE}"
EndProject
Global
	GlobalSection(SolutionConfigurationPlatforms) = preSolution
		Debug|Any CPU = Debug|Any CPU
		Release|Any CPU = Release|Any CPU
	EndGlobalSection
	GlobalSection(ProjectConfigurationPlatforms) = postSolution
		{2F226FE7-8B11-4B6F-9084-89E223C5A1FE}.Debug|Any CPU.ActiveCfg = Debug|Any CPU
		{2F226FE7-8B11-4B6F-9084-89E223C5A1FE}.Debug|Any CPU.Build.0 = Debug|Any CPU
		{2F226FE7-8B11-4B6F-9084-89E223C5A1FE}.Release|Any CPU.ActiveCfg = Release|Any CPU
		{2F226FE7-8B11-4B6F-9084-89E223C5A1FE}.Release|Any CPU.Build.0 = Release|Any CPU
	EndGlobalSection
	GlobalSection(SolutionProperties) = preSolution
		HideSolutionNode = FALSE
	EndGlobalSection
	GlobalSection(ExtensibilityGlobals) = postSolution
		SolutionGuid = {24CA0D45-6C67-4C11-85F3-3BDD62BCB30A}
	EndGlobalSection
EndGlobal
